
Microsoft Visual Studio Solution File, Format Version 12.00
# Visual Studio Version 17
VisualStudioVersion = 17.11.35312.102
MinimumVisualStudioVersion = 10.0.40219.1
Project("{FAE04EC0-301F-11D3-BF4B-00C04F79EFBC}") = "newcrossprerelease", "newcrossprerelease.csproj", "{7CF505F3-01E1-4E69-B08A-04D0BA538884}"
EndProject
Global
	GlobalSection(SolutionConfigurationPlatforms) = preSolution
		Debug|Any CPU = Debug|Any CPU
		Release|Any CPU = Release|Any CPU
	EndGlobalSection
	GlobalSection(ProjectConfigurationPlatforms) = postSolution
		{7CF505F3-01E1-4E69-B08A-04D0BA538884}.Debug|Any CPU.ActiveCfg = Debug|Any CPU
		{7CF505F3-01E1-4E69-B08A-04D0BA538884}.Debug|Any CPU.Build.0 = Debug|Any CPU
		{7CF505F3-01E1-4E69-B08A-04D0BA538884}.Release|Any CPU.ActiveCfg = Release|Any CPU
		{7CF505F3-01E1-4E69-B08A-04D0BA538884}.Release|Any CPU.Build.0 = Release|Any CPU
	EndGlobalSection
	GlobalSection(SolutionProperties) = preSolution
		HideSolutionNode = FALSE
	EndGlobalSection
	GlobalSection(ExtensibilityGlobals) = postSolution
		SolutionGuid = {14B27309-44AB-47C8-8EEF-95D6270812D6}
	EndGlobalSection
EndGlobal
